
Microsoft Visual Studio Solution File, Format Version 12.00
# Visual Studio Version 17
VisualStudioVersion = 17.14.36603.0 d17.14
MinimumVisualStudioVersion = 10.0.40219.1
Project("{FAE04EC0-301F-11D3-BF4B-00C04F79EFBC}") = "UI", "Mandalorian\UI.csproj", "{58075561-813F-4C1A-85E4-C20C5DF07405}"
EndProject
Project("{FAE04EC0-301F-11D3-BF4B-00C04F79EFBC}") = "Domain", "Domain\Domain.csproj", "{D9985100-90D5-496F-8852-6B880D865470}"
EndProject
Project("{FAE04EC0-301F-11D3-BF4B-00C04F79EFBC}") = "Data", "Data\Data.csproj", "{AA7FEE4E-1DAA-4873-9F62-D16032C4DD1B}"
EndProject
Project("{FAE04EC0-301F-11D3-BF4B-00C04F79EFBC}") = "CompositionRoot", "CompositionRoot\CompositionRoot.csproj", "{0F222CD0-317D-41D3-969A-4625D3B716C2}"
EndProject
Global
	GlobalSection(SolutionConfigurationPlatforms) = preSolution
		Debug|Any CPU = Debug|Any CPU
		Release|Any CPU = Release|Any CPU
	EndGlobalSection
	GlobalSection(ProjectConfigurationPlatforms) = postSolution
		{58075561-813F-4C1A-85E4-C20C5DF07405}.Debug|Any CPU.ActiveCfg = Debug|Any CPU
		{58075561-813F-4C1A-85E4-C20C5DF07405}.Debug|Any CPU.Build.0 = Debug|Any CPU
		{58075561-813F-4C1A-85E4-C20C5DF07405}.Release|Any CPU.ActiveCfg = Release|Any CPU
		{58075561-813F-4C1A-85E4-C20C5DF07405}.Release|Any CPU.Build.0 = Release|Any CPU
		{D9985100-90D5-496F-8852-6B880D865470}.Debug|Any CPU.ActiveCfg = Debug|Any CPU
		{D9985100-90D5-496F-8852-6B880D865470}.Debug|Any CPU.Build.0 = Debug|Any CPU
		{D9985100-90D5-496F-8852-6B880D865470}.Release|Any CPU.ActiveCfg = Release|Any CPU
		{D9985100-90D5-496F-8852-6B880D865470}.Release|Any CPU.Build.0 = Release|Any CPU
		{AA7FEE4E-1DAA-4873-9F62-D16032C4DD1B}.Debug|Any CPU.ActiveCfg = Debug|Any CPU
		{AA7FEE4E-1DAA-4873-9F62-D16032C4DD1B}.Debug|Any CPU.Build.0 = Debug|Any CPU
		{AA7FEE4E-1DAA-4873-9F62-D16032C4DD1B}.Release|Any CPU.ActiveCfg = Release|Any CPU
		{AA7FEE4E-1DAA-4873-9F62-D16032C4DD1B}.Release|Any CPU.Build.0 = Release|Any CPU
		{0F222CD0-317D-41D3-969A-4625D3B716C2}.Debug|Any CPU.ActiveCfg = Debug|Any CPU
		{0F222CD0-317D-41D3-969A-4625D3B716C2}.Debug|Any CPU.Build.0 = Debug|Any CPU
		{0F222CD0-317D-41D3-969A-4625D3B716C2}.Release|Any CPU.ActiveCfg = Release|Any CPU
		{0F222CD0-317D-41D3-969A-4625D3B716C2}.Release|Any CPU.Build.0 = Release|Any CPU
	EndGlobalSection
	GlobalSection(SolutionProperties) = preSolution
		HideSolutionNode = FALSE
	EndGlobalSection
	GlobalSection(ExtensibilityGlobals) = postSolution
		SolutionGuid = {B4629C47-C84E-4B3F-B2D5-485E8CD5F227}
	EndGlobalSection
EndGlobal
